
Microsoft Visual Studio Solution File, Format Version 12.00
# Visual Studio Version 17
VisualStudioVersion = 17.0.31903.59
MinimumVisualStudioVersion = 10.0.40219.1
Project("{FAE04EC0-301F-11D3-BF4B-00C04F79EFBC}") = "GameJam", "GameJam\GameJam.csproj", "{3DE497AA-CAAD-40E3-898C-A2FA481E2FEC}"
EndProject
Project("{FAE04EC0-301F-11D3-BF4B-00C04F79EFBC}") = "GameJam.Engine", "GameJam.Engine\GameJam.Engine.csproj", "{FDCA2426-9E62-4FE4-9F46-69B7CDE5B4C1}"
EndProject
Global
	GlobalSection(SolutionConfigurationPlatforms) = preSolution
		Debug|Any CPU = Debug|Any CPU
		Release|Any CPU = Release|Any CPU
	EndGlobalSection
	GlobalSection(SolutionProperties) = preSolution
		HideSolutionNode = FALSE
	EndGlobalSection
	GlobalSection(ProjectConfigurationPlatforms) = postSolution
		{3DE497AA-CAAD-40E3-898C-A2FA481E2FEC}.Debug|Any CPU.ActiveCfg = Debug|Any CPU
		{3DE497AA-CAAD-40E3-898C-A2FA481E2FEC}.Debug|Any CPU.Build.0 = Debug|Any CPU
		{3DE497AA-CAAD-40E3-898C-A2FA481E2FEC}.Release|Any CPU.ActiveCfg = Release|Any CPU
		{3DE497AA-CAAD-40E3-898C-A2FA481E2FEC}.Release|Any CPU.Build.0 = Release|Any CPU
		{FDCA2426-9E62-4FE4-9F46-69B7CDE5B4C1}.Debug|Any CPU.ActiveCfg = Debug|Any CPU
		{FDCA2426-9E62-4FE4-9F46-69B7CDE5B4C1}.Debug|Any CPU.Build.0 = Debug|Any CPU
		{FDCA2426-9E62-4FE4-9F46-69B7CDE5B4C1}.Release|Any CPU.ActiveCfg = Release|Any CPU
		{FDCA2426-9E62-4FE4-9F46-69B7CDE5B4C1}.Release|Any CPU.Build.0 = Release|Any CPU
	EndGlobalSection
EndGlobal
